
Microsoft Visual Studio Solution File, Format Version 12.00
# Visual Studio Version 16
VisualStudioVersion = 16.0.32002.261
MinimumVisualStudioVersion = 10.0.40219.1
Project("{FAE04EC0-301F-11D3-BF4B-00C04F79EFBC}") = "WCFService_2Way_20190140018", "WCFService_2Way_20190140018\WCFService_2Way_20190140018.csproj", "{52C576BE-4E00-4286-8D0E-D4785986604C}"
EndProject
Global
	GlobalSection(SolutionConfigurationPlatforms) = preSolution
		Debug|Any CPU = Debug|Any CPU
		Release|Any CPU = Release|Any CPU
	EndGlobalSection
	GlobalSection(ProjectConfigurationPlatforms) = postSolution
		{52C576BE-4E00-4286-8D0E-D4785986604C}.Debug|Any CPU.ActiveCfg = Debug|Any CPU
		{52C576BE-4E00-4286-8D0E-D4785986604C}.Debug|Any CPU.Build.0 = Debug|Any CPU
		{52C576BE-4E00-4286-8D0E-D4785986604C}.Release|Any CPU.ActiveCfg = Release|Any CPU
		{52C576BE-4E00-4286-8D0E-D4785986604C}.Release|Any CPU.Build.0 = Release|Any CPU
	EndGlobalSection
	GlobalSection(SolutionProperties) = preSolution
		HideSolutionNode = FALSE
	EndGlobalSection
	GlobalSection(ExtensibilityGlobals) = postSolution
		SolutionGuid = {63EEFBCB-43D6-46CB-8747-B39AC52F74A0}
	EndGlobalSection
EndGlobal
